// !$*UTF8*$!
{
	archiveVersion = 1;
	classes = {
	};
	objectVersion = 55;
	objects = {

/* Begin PBXBuildFile section */
		ADD7566228AA5068000BA12A /* FoodsApp.swift in Sources */ = {isa = PBXBuildFile; fileRef = ADD7566128AA5068000BA12A /* FoodsApp.swift */; };
		ADD7566628AA506A000BA12A /* Assets.xcassets in Resources */ = {isa = PBXBuildFile; fileRef = ADD7566528AA506A000BA12A /* Assets.xcassets */; };
		ADD7566928AA506A000BA12A /* Preview Assets.xcassets in Resources */ = {isa = PBXBuildFile; fileRef = ADD7566828AA506A000BA12A /* Preview Assets.xcassets */; };
		ADD7568228AA506A000BA12A /* FoodsUITests.swift in Sources */ = {isa = PBXBuildFile; fileRef = ADD7568128AA506A000BA12A /* FoodsUITests.swift */; };
		ADD7568428AA506A000BA12A /* FoodsUITestsLaunchTests.swift in Sources */ = {isa = PBXBuildFile; fileRef = ADD7568328AA506A000BA12A /* FoodsUITestsLaunchTests.swift */; };
		ADD7569328AA5277000BA12A /* FoodsCore in Frameworks */ = {isa = PBXBuildFile; productRef = ADD7569228AA5277000BA12A /* FoodsCore */; };
		ADD7569528AA5662000BA12A /* FoodsView.swift in Sources */ = {isa = PBXBuildFile; fileRef = ADD7569428AA5662000BA12A /* FoodsView.swift */; };
		ADD7569728ABCD6D000BA12A /* FoodsModel.swift in Sources */ = {isa = PBXBuildFile; fileRef = ADD7569628ABCD6D000BA12A /* FoodsModel.swift */; };
		ADD7569B28ACF9D9000BA12A /* FoodsModelTests.swift in Sources */ = {isa = PBXBuildFile; fileRef = ADD7569A28ACF9D9000BA12A /* FoodsModelTests.swift */; };
/* End PBXBuildFile section */

/* Begin PBXContainerItemProxy section */
		ADD7567428AA506A000BA12A /* PBXContainerItemProxy */ = {
			isa = PBXContainerItemProxy;
			containerPortal = ADD7565628AA5068000BA12A /* Project object */;
			proxyType = 1;
			remoteGlobalIDString = ADD7565D28AA5068000BA12A;
			remoteInfo = Foods;
		};
		ADD7567E28AA506A000BA12A /* PBXContainerItemProxy */ = {
			isa = PBXContainerItemProxy;
			containerPortal = ADD7565628AA5068000BA12A /* Project object */;
			proxyType = 1;
			remoteGlobalIDString = ADD7565D28AA5068000BA12A;
			remoteInfo = Foods;
		};
/* End PBXContainerItemProxy section */

/* Begin PBXFileReference section */
		ADD7565E28AA5068000BA12A /* Foods.app */ = {isa = PBXFileReference; explicitFileType = wrapper.application; includeInIndex = 0; path = Foods.app; sourceTree = BUILT_PRODUCTS_DIR; };
		ADD7566128AA5068000BA12A /* FoodsApp.swift */ = {isa = PBXFileReference; lastKnownFileType = sourcecode.swift; path = FoodsApp.swift; sourceTree = "<group>"; };
		ADD7566528AA506A000BA12A /* Assets.xcassets */ = {isa = PBXFileReference; lastKnownFileType = folder.assetcatalog; path = Assets.xcassets; sourceTree = "<group>"; };
		ADD7566828AA506A000BA12A /* Preview Assets.xcassets */ = {isa = PBXFileReference; lastKnownFileType = folder.assetcatalog; path = "Preview Assets.xcassets"; sourceTree = "<group>"; };
		ADD7567328AA506A000BA12A /* FoodsTests.xctest */ = {isa = PBXFileReference; explicitFileType = wrapper.cfbundle; includeInIndex = 0; path = FoodsTests.xctest; sourceTree = BUILT_PRODUCTS_DIR; };
		ADD7567D28AA506A000BA12A /* FoodsUITests.xctest */ = {isa = PBXFileReference; explicitFileType = wrapper.cfbundle; includeInIndex = 0; path = FoodsUITests.xctest; sourceTree = BUILT_PRODUCTS_DIR; };
		ADD7568128AA506A000BA12A /* FoodsUITests.swift */ = {isa = PBXFileReference; lastKnownFileType = sourcecode.swift; path = FoodsUITests.swift; sourceTree = "<group>"; };
		ADD7568328AA506A000BA12A /* FoodsUITestsLaunchTests.swift */ = {isa = PBXFileReference; lastKnownFileType = sourcecode.swift; path = FoodsUITestsLaunchTests.swift; sourceTree = "<group>"; };
		ADD7569028AA50E7000BA12A /* FoodsCore */ = {isa = PBXFileReference; lastKnownFileType = wrapper; path = FoodsCore; sourceTree = "<group>"; };
		ADD7569428AA5662000BA12A /* FoodsView.swift */ = {isa = PBXFileReference; lastKnownFileType = sourcecode.swift; path = FoodsView.swift; sourceTree = "<group>"; };
		ADD7569628ABCD6D000BA12A /* FoodsModel.swift */ = {isa = PBXFileReference; lastKnownFileType = sourcecode.swift; path = FoodsModel.swift; sourceTree = "<group>"; };
		ADD7569A28ACF9D9000BA12A /* FoodsModelTests.swift */ = {isa = PBXFileReference; lastKnownFileType = sourcecode.swift; path = FoodsModelTests.swift; sourceTree = "<group>"; };
/* End PBXFileReference section */

/* Begin PBXFrameworksBuildPhase section */
		ADD7565B28AA5068000BA12A /* Frameworks */ = {
			isa = PBXFrameworksBuildPhase;
			buildActionMask = 2147483647;
			files = (
				ADD7569328AA5277000BA12A /* FoodsCore in Frameworks */,
			);
			runOnlyForDeploymentPostprocessing = 0;
		};
		ADD7567028AA506A000BA12A /* Frameworks */ = {
			isa = PBXFrameworksBuildPhase;
			buildActionMask = 2147483647;
			files = (
			);
			runOnlyForDeploymentPostprocessing = 0;
		};
		ADD7567A28AA506A000BA12A /* Frameworks */ = {
			isa = PBXFrameworksBuildPhase;
			buildActionMask = 2147483647;
			files = (
			);
			runOnlyForDeploymentPostprocessing = 0;
		};
/* End PBXFrameworksBuildPhase section */

/* Begin PBXGroup section */
		ADD7565528AA5068000BA12A = {
			isa = PBXGroup;
			children = (
				ADD7566028AA5068000BA12A /* Foods */,
				ADD7569028AA50E7000BA12A /* FoodsCore */,
				ADD7567628AA506A000BA12A /* FoodsTests */,
				ADD7568028AA506A000BA12A /* FoodsUITests */,
				ADD7565F28AA5068000BA12A /* Products */,
				ADD7569128AA5277000BA12A /* Frameworks */,
			);
			sourceTree = "<group>";
		};
		ADD7565F28AA5068000BA12A /* Products */ = {
			isa = PBXGroup;
			children = (
				ADD7565E28AA5068000BA12A /* Foods.app */,
				ADD7567328AA506A000BA12A /* FoodsTests.xctest */,
				ADD7567D28AA506A000BA12A /* FoodsUITests.xctest */,
			);
			name = Products;
			sourceTree = "<group>";
		};
		ADD7566028AA5068000BA12A /* Foods */ = {
			isa = PBXGroup;
			children = (
				ADD7566128AA5068000BA12A /* FoodsApp.swift */,
				ADD7569628ABCD6D000BA12A /* FoodsModel.swift */,
				ADD7569428AA5662000BA12A /* FoodsView.swift */,
				ADD7566528AA506A000BA12A /* Assets.xcassets */,
				ADD7566728AA506A000BA12A /* Preview Content */,
			);
			path = Foods;
			sourceTree = "<group>";
		};
		ADD7566728AA506A000BA12A /* Preview Content */ = {
			isa = PBXGroup;
			children = (
				ADD7566828AA506A000BA12A /* Preview Assets.xcassets */,
			);
			path = "Preview Content";
			sourceTree = "<group>";
		};
		ADD7567628AA506A000BA12A /* FoodsTests */ = {
			isa = PBXGroup;
			children = (
				ADD7569A28ACF9D9000BA12A /* FoodsModelTests.swift */,
			);
			path = FoodsTests;
			sourceTree = "<group>";
		};
		ADD7568028AA506A000BA12A /* FoodsUITests */ = {
			isa = PBXGroup;
			children = (
				ADD7568128AA506A000BA12A /* FoodsUITests.swift */,
				ADD7568328AA506A000BA12A /* FoodsUITestsLaunchTests.swift */,
			);
			path = FoodsUITests;
			sourceTree = "<group>";
		};
		ADD7569128AA5277000BA12A /* Frameworks */ = {
			isa = PBXGroup;
			children = (
			);
			name = Frameworks;
			sourceTree = "<group>";
		};
/* End PBXGroup section */

/* Begin PBXNativeTarget section */
		ADD7565D28AA5068000BA12A /* Foods */ = {
			isa = PBXNativeTarget;
			buildConfigurationList = ADD7568728AA506A000BA12A /* Build configuration list for PBXNativeTarget "Foods" */;
			buildPhases = (
				ADD7565A28AA5068000BA12A /* Sources */,
				ADD7565B28AA5068000BA12A /* Frameworks */,
				ADD7565C28AA5068000BA12A /* Resources */,
			);
			buildRules = (
			);
			dependencies = (
			);
			name = Foods;
			packageProductDependencies = (
				ADD7569228AA5277000BA12A /* FoodsCore */,
			);
			productName = Foods;
			productReference = ADD7565E28AA5068000BA12A /* Foods.app */;
			productType = "com.apple.product-type.application";
		};
		ADD7567228AA506A000BA12A /* FoodsTests */ = {
			isa = PBXNativeTarget;
			buildConfigurationList = ADD7568A28AA506A000BA12A /* Build configuration list for PBXNativeTarget "FoodsTests" */;
			buildPhases = (
				ADD7566F28AA506A000BA12A /* Sources */,
				ADD7567028AA506A000BA12A /* Frameworks */,
				ADD7567128AA506A000BA12A /* Resources */,
			);
			buildRules = (
			);
			dependencies = (
				ADD7567528AA506A000BA12A /* PBXTargetDependency */,
			);
			name = FoodsTests;
			productName = FoodsTests;
			productReference = ADD7567328AA506A000BA12A /* FoodsTests.xctest */;
			productType = "com.apple.product-type.bundle.unit-test";
		};
		ADD7567C28AA506A000BA12A /* FoodsUITests */ = {
			isa = PBXNativeTarget;
			buildConfigurationList = ADD7568D28AA506A000BA12A /* Build configuration list for PBXNativeTarget "FoodsUITests" */;
			buildPhases = (
				ADD7567928AA506A000BA12A /* Sources */,
				ADD7567A28AA506A000BA12A /* Frameworks */,
				ADD7567B28AA506A000BA12A /* Resources */,
			);
			buildRules = (
			);
			dependencies = (
				ADD7567F28AA506A000BA12A /* PBXTargetDependency */,
			);
			name = FoodsUITests;
			productName = FoodsUITests;
			productReference = ADD7567D28AA506A000BA12A /* FoodsUITests.xctest */;
			productType = "com.apple.product-type.bundle.ui-testing";
		};
/* End PBXNativeTarget section */

/* Begin PBXProject section */
		ADD7565628AA5068000BA12A /* Project object */ = {
			isa = PBXProject;
			attributes = {
				BuildIndependentTargetsInParallel = 1;
				LastSwiftUpdateCheck = 1340;
				LastUpgradeCheck = 1340;
				TargetAttributes = {
					ADD7565D28AA5068000BA12A = {
						CreatedOnToolsVersion = 13.4.1;
					};
					ADD7567228AA506A000BA12A = {
						CreatedOnToolsVersion = 13.4.1;
						TestTargetID = ADD7565D28AA5068000BA12A;
					};
					ADD7567C28AA506A000BA12A = {
						CreatedOnToolsVersion = 13.4.1;
						TestTargetID = ADD7565D28AA5068000BA12A;
					};
				};
			};
			buildConfigurationList = ADD7565928AA5068000BA12A /* Build configuration list for PBXProject "Foods" */;
			compatibilityVersion = "Xcode 13.0";
			developmentRegion = en;
			hasScannedForEncodings = 0;
			knownRegions = (
				en,
				Base,
			);
			mainGroup = ADD7565528AA5068000BA12A;
			productRefGroup = ADD7565F28AA5068000BA12A /* Products */;
			projectDirPath = "";
			projectRoot = "";
			targets = (
				ADD7565D28AA5068000BA12A /* Foods */,
				ADD7567228AA506A000BA12A /* FoodsTests */,
				ADD7567C28AA506A000BA12A /* FoodsUITests */,
			);
		};
/* End PBXProject section */

/* Begin PBXResourcesBuildPhase section */
		ADD7565C28AA5068000BA12A /* Resources */ = {
			isa = PBXResourcesBuildPhase;
			buildActionMask = 2147483647;
			files = (
				ADD7566928AA506A000BA12A /* Preview Assets.xcassets in Resources */,
				ADD7566628AA506A000BA12A /* Assets.xcassets in Resources */,
			);
			runOnlyForDeploymentPostprocessing = 0;
		};
		ADD7567128AA506A000BA12A /* Resources */ = {
			isa = PBXResourcesBuildPhase;
			buildActionMask = 2147483647;
			files = (
			);
			runOnlyForDeploymentPostprocessing = 0;
		};
		ADD7567B28AA506A000BA12A /* Resources */ = {
			isa = PBXResourcesBuildPhase;
			buildActionMask = 2147483647;
			files = (
			);
			runOnlyForDeploymentPostprocessing = 0;
		};
/* End PBXResourcesBuildPhase section */

/* Begin PBXSourcesBuildPhase section */
		ADD7565A28AA5068000BA12A /* Sources */ = {
			isa = PBXSourcesBuildPhase;
			buildActionMask = 2147483647;
			files = (
				ADD7569728ABCD6D000BA12A /* FoodsModel.swift in Sources */,
				ADD7569528AA5662000BA12A /* FoodsView.swift in Sources */,
				ADD7566228AA5068000BA12A /* FoodsApp.swift in Sources */,
			);
			runOnlyForDeploymentPostprocessing = 0;
		};
		ADD7566F28AA506A000BA12A /* Sources */ = {
			isa = PBXSourcesBuildPhase;
			buildActionMask = 2147483647;
			files = (
				ADD7569B28ACF9D9000BA12A /* FoodsModelTests.swift in Sources */,
			);
			runOnlyForDeploymentPostprocessing = 0;
		};
		ADD7567928AA506A000BA12A /* Sources */ = {
			isa = PBXSourcesBuildPhase;
			buildActionMask = 2147483647;
			files = (
				ADD7568428AA506A000BA12A /* FoodsUITestsLaunchTests.swift in Sources */,
				ADD7568228AA506A000BA12A /* FoodsUITests.swift in Sources */,
			);
			runOnlyForDeploymentPostprocessing = 0;
		};
/* End PBXSourcesBuildPhase section */

/* Begin PBXTargetDependency section */
		ADD7567528AA506A000BA12A /* PBXTargetDependency */ = {
			isa = PBXTargetDependency;
			target = ADD7565D28AA5068000BA12A /* Foods */;
			targetProxy = ADD7567428AA506A000BA12A /* PBXContainerItemProxy */;
		};
		ADD7567F28AA506A000BA12A /* PBXTargetDependency */ = {
			isa = PBXTargetDependency;
			target = ADD7565D28AA5068000BA12A /* Foods */;
			targetProxy = ADD7567E28AA506A000BA12A /* PBXContainerItemProxy */;
		};
/* End PBXTargetDependency section */

/* Begin XCBuildConfiguration section */
		ADD7568528AA506A000BA12A /* Debug */ = {
			isa = XCBuildConfiguration;
			buildSettings = {
				ALWAYS_SEARCH_USER_PATHS = NO;
				CLANG_ANALYZER_NONNULL = YES;
				CLANG_ANALYZER_NUMBER_OBJECT_CONVERSION = YES_AGGRESSIVE;
				CLANG_CXX_LANGUAGE_STANDARD = "gnu++17";
				CLANG_ENABLE_MODULES = YES;
				CLANG_ENABLE_OBJC_ARC = YES;
				CLANG_ENABLE_OBJC_WEAK = YES;
				CLANG_WARN_BLOCK_CAPTURE_AUTORELEASING = YES;
				CLANG_WARN_BOOL_CONVERSION = YES;
				CLANG_WARN_COMMA = YES;
				CLANG_WARN_CONSTANT_CONVERSION = YES;
				CLANG_WARN_DEPRECATED_OBJC_IMPLEMENTATIONS = YES;
				CLANG_WARN_DIRECT_OBJC_ISA_USAGE = YES_ERROR;
				CLANG_WARN_DOCUMENTATION_COMMENTS = YES;
				CLANG_WARN_EMPTY_BODY = YES;
				CLANG_WARN_ENUM_CONVERSION = YES;
				CLANG_WARN_INFINITE_RECURSION = YES;
				CLANG_WARN_INT_CONVERSION = YES;
				CLANG_WARN_NON_LITERAL_NULL_CONVERSION = YES;
				CLANG_WARN_OBJC_IMPLICIT_RETAIN_SELF = YES;
				CLANG_WARN_OBJC_LITERAL_CONVERSION = YES;
				CLANG_WARN_OBJC_ROOT_CLASS = YES_ERROR;
				CLANG_WARN_QUOTED_INCLUDE_IN_FRAMEWORK_HEADER = YES;
				CLANG_WARN_RANGE_LOOP_ANALYSIS = YES;
				CLANG_WARN_STRICT_PROTOTYPES = YES;
				CLANG_WARN_SUSPICIOUS_MOVE = YES;
				CLANG_WARN_UNGUARDED_AVAILABILITY = YES_AGGRESSIVE;
				CLANG_WARN_UNREACHABLE_CODE = YES;
				CLANG_WARN__DUPLICATE_METHOD_MATCH = YES;
				COPY_PHASE_STRIP = NO;
				DEBUG_INFORMATION_FORMAT = dwarf;
				ENABLE_STRICT_OBJC_MSGSEND = YES;
				ENABLE_TESTABILITY = YES;
				GCC_C_LANGUAGE_STANDARD = gnu11;
				GCC_DYNAMIC_NO_PIC = NO;
				GCC_NO_COMMON_BLOCKS = YES;
				GCC_OPTIMIZATION_LEVEL = 0;
				GCC_PREPROCESSOR_DEFINITIONS = (
					"DEBUG=1",
					"$(inherited)",
				);
				GCC_WARN_64_TO_32_BIT_CONVERSION = YES;
				GCC_WARN_ABOUT_RETURN_TYPE = YES_ERROR;
				GCC_WARN_UNDECLARED_SELECTOR = YES;
				GCC_WARN_UNINITIALIZED_AUTOS = YES_AGGRESSIVE;
				GCC_WARN_UNUSED_FUNCTION = YES;
				GCC_WARN_UNUSED_VARIABLE = YES;
				IPHONEOS_DEPLOYMENT_TARGET = 15.5;
				MTL_ENABLE_DEBUG_INFO = INCLUDE_SOURCE;
				MTL_FAST_MATH = YES;
				ONLY_ACTIVE_ARCH = YES;
				SDKROOT = iphoneos;
				SWIFT_ACTIVE_COMPILATION_CONDITIONS = DEBUG;
				SWIFT_OPTIMIZATION_LEVEL = "-Onone";
			};
			name = Debug;
		};
		ADD7568628AA506A000BA12A /* Release */ = {
			isa = XCBuildConfiguration;
			buildSettings = {
				ALWAYS_SEARCH_USER_PATHS = NO;
				CLANG_ANALYZER_NONNULL = YES;
				CLANG_ANALYZER_NUMBER_OBJECT_CONVERSION = YES_AGGRESSIVE;
				CLANG_CXX_LANGUAGE_STANDARD = "gnu++17";
				CLANG_ENABLE_MODULES = YES;
				CLANG_ENABLE_OBJC_ARC = YES;
				CLANG_ENABLE_OBJC_WEAK = YES;
				CLANG_WARN_BLOCK_CAPTURE_AUTORELEASING = YES;
				CLANG_WARN_BOOL_CONVERSION = YES;
				CLANG_WARN_COMMA = YES;
				CLANG_WARN_CONSTANT_CONVERSION = YES;
				CLANG_WARN_DEPRECATED_OBJC_IMPLEMENTATIONS = YES;
				CLANG_WARN_DIRECT_OBJC_ISA_USAGE = YES_ERROR;
				CLANG_WARN_DOCUMENTATION_COMMENTS = YES;
				CLANG_WARN_EMPTY_BODY = YES;
				CLANG_WARN_ENUM_CONVERSION = YES;
				CLANG_WARN_INFINITE_RECURSION = YES;
				CLANG_WARN_INT_CONVERSION = YES;
				CLANG_WARN_NON_LITERAL_NULL_CONVERSION = YES;
				CLANG_WARN_OBJC_IMPLICIT_RETAIN_SELF = YES;
				CLANG_WARN_OBJC_LITERAL_CONVERSION = YES;
				CLANG_WARN_OBJC_ROOT_CLASS = YES_ERROR;
				CLANG_WARN_QUOTED_INCLUDE_IN_FRAMEWORK_HEADER = YES;
				CLANG_WARN_RANGE_LOOP_ANALYSIS = YES;
				CLANG_WARN_STRICT_PROTOTYPES = YES;
				CLANG_WARN_SUSPICIOUS_MOVE = YES;
				CLANG_WARN_UNGUARDED_AVAILABILITY = YES_AGGRESSIVE;
				CLANG_WARN_UNREACHABLE_CODE = YES;
				CLANG_WARN__DUPLICATE_METHOD_MATCH = YES;
				COPY_PHASE_STRIP = NO;
				DEBUG_INFORMATION_FORMAT = "dwarf-with-dsym";
				ENABLE_NS_ASSERTIONS = NO;
				ENABLE_STRICT_OBJC_MSGSEND = YES;
				GCC_C_LANGUAGE_STANDARD = gnu11;
				GCC_NO_COMMON_BLOCKS = YES;
				GCC_WARN_64_TO_32_BIT_CONVERSION = YES;
				GCC_WARN_ABOUT_RETURN_TYPE = YES_ERROR;
				GCC_WARN_UNDECLARED_SELECTOR = YES;
				GCC_WARN_UNINITIALIZED_AUTOS = YES_AGGRESSIVE;
				GCC_WARN_UNUSED_FUNCTION = YES;
				GCC_WARN_UNUSED_VARIABLE = YES;
				IPHONEOS_DEPLOYMENT_TARGET = 15.5;
				MTL_ENABLE_DEBUG_INFO = NO;
				MTL_FAST_MATH = YES;
				SDKROOT = iphoneos;
				SWIFT_COMPILATION_MODE = wholemodule;
				SWIFT_OPTIMIZATION_LEVEL = "-O";
				VALIDATE_PRODUCT = YES;
			};
			name = Release;
		};
		ADD7568828AA506A000BA12A /* Debug */ = {
			isa = XCBuildConfiguration;
			buildSettings = {
				ASSETCATALOG_COMPILER_APPICON_NAME = AppIcon;
				ASSETCATALOG_COMPILER_GLOBAL_ACCENT_COLOR_NAME = AccentColor;
				CODE_SIGN_STYLE = Automatic;
				CURRENT_PROJECT_VERSION = 1;
				DEVELOPMENT_ASSET_PATHS = "\"Foods/Preview Content\"";
				DEVELOPMENT_TEAM = D7765T93MS;
				ENABLE_PREVIEWS = YES;
				GENERATE_INFOPLIST_FILE = YES;
				INFOPLIST_KEY_UIApplicationSceneManifest_Generation = YES;
				INFOPLIST_KEY_UIApplicationSupportsIndirectInputEvents = YES;
				INFOPLIST_KEY_UILaunchScreen_Generation = YES;
				INFOPLIST_KEY_UISupportedInterfaceOrientations_iPad = "UIInterfaceOrientationPortrait UIInterfaceOrientationPortraitUpsideDown UIInterfaceOrientationLandscapeLeft UIInterfaceOrientationLandscapeRight";
				INFOPLIST_KEY_UISupportedInterfaceOrientations_iPhone = "UIInterfaceOrientationPortrait UIInterfaceOrientationLandscapeLeft UIInterfaceOrientationLandscapeRight";
				LD_RUNPATH_SEARCH_PATHS = (
					"$(inherited)",
					"@executable_path/Frameworks",
				);
				MARKETING_VERSION = 1.0;
				PRODUCT_BUNDLE_IDENTIFIER = "com.genesis-mobile.Foods";
				PRODUCT_NAME = "$(TARGET_NAME)";
				SWIFT_EMIT_LOC_STRINGS = YES;
				SWIFT_VERSION = 5.0;
				TARGETED_DEVICE_FAMILY = "1,2";
			};
			name = Debug;
		};
		ADD7568928AA506A000BA12A /* Release */ = {
			isa = XCBuildConfiguration;
			buildSettings = {
				ASSETCATALOG_COMPILER_APPICON_NAME = AppIcon;
				ASSETCATALOG_COMPILER_GLOBAL_ACCENT_COLOR_NAME = AccentColor;
				CODE_SIGN_STYLE = Automatic;
				CURRENT_PROJECT_VERSION = 1;
				DEVELOPMENT_ASSET_PATHS = "\"Foods/Preview Content\"";
				DEVELOPMENT_TEAM = D7765T93MS;
				ENABLE_PREVIEWS = YES;
				GENERATE_INFOPLIST_FILE = YES;
				INFOPLIST_KEY_UIApplicationSceneManifest_Generation = YES;
				INFOPLIST_KEY_UIApplicationSupportsIndirectInputEvents = YES;
				INFOPLIST_KEY_UILaunchScreen_Generation = YES;
				INFOPLIST_KEY_UISupportedInterfaceOrientations_iPad = "UIInterfaceOrientationPortrait UIInterfaceOrientationPortraitUpsideDown UIInterfaceOrientationLandscapeLeft UIInterfaceOrientationLandscapeRight";
				INFOPLIST_KEY_UISupportedInterfaceOrientations_iPhone = "UIInterfaceOrientationPortrait UIInterfaceOrientationLandscapeLeft UIInterfaceOrientationLandscapeRight";
				LD_RUNPATH_SEARCH_PATHS = (
					"$(inherited)",
					"@executable_path/Frameworks",
				);
				MARKETING_VERSION = 1.0;
				PRODUCT_BUNDLE_IDENTIFIER = "com.genesis-mobile.Foods";
				PRODUCT_NAME = "$(TARGET_NAME)";
				SWIFT_EMIT_LOC_STRINGS = YES;
				SWIFT_VERSION = 5.0;
				TARGETED_DEVICE_FAMILY = "1,2";
			};
			name = Release;
		};
		ADD7568B28AA506A000BA12A /* Debug */ = {
			isa = XCBuildConfiguration;
			buildSettings = {
				ALWAYS_EMBED_SWIFT_STANDARD_LIBRARIES = YES;
				BUNDLE_LOADER = "$(TEST_HOST)";
				CODE_SIGN_STYLE = Automatic;
				CURRENT_PROJECT_VERSION = 1;
				DEVELOPMENT_TEAM = D7765T93MS;
				GENERATE_INFOPLIST_FILE = YES;
				IPHONEOS_DEPLOYMENT_TARGET = 15.5;
				MARKETING_VERSION = 1.0;
				PRODUCT_BUNDLE_IDENTIFIER = "com.genesis-mobile.FoodsTests";
				PRODUCT_NAME = "$(TARGET_NAME)";
				SWIFT_EMIT_LOC_STRINGS = NO;
				SWIFT_VERSION = 5.0;
				TARGETED_DEVICE_FAMILY = "1,2";
				TEST_HOST = "$(BUILT_PRODUCTS_DIR)/Foods.app/Foods";
			};
			name = Debug;
		};
		ADD7568C28AA506A000BA12A /* Release */ = {
			isa = XCBuildConfiguration;
			buildSettings = {
				ALWAYS_EMBED_SWIFT_STANDARD_LIBRARIES = YES;
				BUNDLE_LOADER = "$(TEST_HOST)";
				CODE_SIGN_STYLE = Automatic;
				CURRENT_PROJECT_VERSION = 1;
				DEVELOPMENT_TEAM = D7765T93MS;
				GENERATE_INFOPLIST_FILE = YES;
				IPHONEOS_DEPLOYMENT_TARGET = 15.5;
				MARKETING_VERSION = 1.0;
				PRODUCT_BUNDLE_IDENTIFIER = "com.genesis-mobile.FoodsTests";
				PRODUCT_NAME = "$(TARGET_NAME)";
				SWIFT_EMIT_LOC_STRINGS = NO;
				SWIFT_VERSION = 5.0;
				TARGETED_DEVICE_FAMILY = "1,2";
				TEST_HOST = "$(BUILT_PRODUCTS_DIR)/Foods.app/Foods";
			};
			name = Release;
		};
		ADD7568E28AA506A000BA12A /* Debug */ = {
			isa = XCBuildConfiguration;
			buildSettings = {
				ALWAYS_EMBED_SWIFT_STANDARD_LIBRARIES = YES;
				CODE_SIGN_STYLE = Automatic;
				CURRENT_PROJECT_VERSION = 1;
				DEVELOPMENT_TEAM = D7765T93MS;
				GENERATE_INFOPLIST_FILE = YES;
				MARKETING_VERSION = 1.0;
				PRODUCT_BUNDLE_IDENTIFIER = "com.genesis-mobile.FoodsUITests";
				PRODUCT_NAME = "$(TARGET_NAME)";
				SWIFT_EMIT_LOC_STRINGS = NO;
				SWIFT_VERSION = 5.0;
				TARGETED_DEVICE_FAMILY = "1,2";
				TEST_TARGET_NAME = Foods;
			};
			name = Debug;
		};
		ADD7568F28AA506A000BA12A /* Release */ = {
			isa = XCBuildConfiguration;
			buildSettings = {
				ALWAYS_EMBED_SWIFT_STANDARD_LIBRARIES = YES;
				CODE_SIGN_STYLE = Automatic;
				CURRENT_PROJECT_VERSION = 1;
				DEVELOPMENT_TEAM = D7765T93MS;
				GENERATE_INFOPLIST_FILE = YES;
				MARKETING_VERSION = 1.0;
				PRODUCT_BUNDLE_IDENTIFIER = "com.genesis-mobile.FoodsUITests";
				PRODUCT_NAME = "$(TARGET_NAME)";
				SWIFT_EMIT_LOC_STRINGS = NO;
				SWIFT_VERSION = 5.0;
				TARGETED_DEVICE_FAMILY = "1,2";
				TEST_TARGET_NAME = Foods;
			};
			name = Release;
		};
/* End XCBuildConfiguration section */

/* Begin XCConfigurationList section */
		ADD7565928AA5068000BA12A /* Build configuration list for PBXProject "Foods" */ = {
			isa = XCConfigurationList;
			buildConfigurations = (
				ADD7568528AA506A000BA12A /* Debug */,
				ADD7568628AA506A000BA12A /* Release */,
			);
			defaultConfigurationIsVisible = 0;
			defaultConfigurationName = Release;
		};
		ADD7568728AA506A000BA12A /* Build configuration list for PBXNativeTarget "Foods" */ = {
			isa = XCConfigurationList;
			buildConfigurations = (
				ADD7568828AA506A000BA12A /* Debug */,
				ADD7568928AA506A000BA12A /* Release */,
			);
			defaultConfigurationIsVisible = 0;
			defaultConfigurationName = Release;
		};
		ADD7568A28AA506A000BA12A /* Build configuration list for PBXNativeTarget "FoodsTests" */ = {
			isa = XCConfigurationList;
			buildConfigurations = (
				ADD7568B28AA506A000BA12A /* Debug */,
				ADD7568C28AA506A000BA12A /* Release */,
			);
			defaultConfigurationIsVisible = 0;
			defaultConfigurationName = Release;
		};
		ADD7568D28AA506A000BA12A /* Build configuration list for PBXNativeTarget "FoodsUITests" */ = {
			isa = XCConfigurationList;
			buildConfigurations = (
				ADD7568E28AA506A000BA12A /* Debug */,
				ADD7568F28AA506A000BA12A /* Release */,
			);
			defaultConfigurationIsVisible = 0;
			defaultConfigurationName = Release;
		};
/* End XCConfigurationList section */

/* Begin XCSwiftPackageProductDependency section */
		ADD7569228AA5277000BA12A /* FoodsCore */ = {
			isa = XCSwiftPackageProductDependency;
			productName = FoodsCore;
		};
/* End XCSwiftPackageProductDependency section */
	};
	rootObject = ADD7565628AA5068000BA12A /* Project object */;
}
